{
  "meteor": {},
  "dependencies": {
    "basePackages": {
      "feedparser": {},
      "npm": {}
    },
    "packages": {
      "feedparser": {
        "git": "https://github.com/DBeath/meteor-feedparser.git",
        "tag": "v0.16.3",
        "commit": "6c1a67a542868b2331b2c189a9b2e6e1f2af7cd1"
      },
      "npm": {
        "git": "https://github.com/arunoda/meteor-npm.git",
        "tag": "v0.2.6",
        "commit": "177ab6118de5bf8cffb19481343d5762ff7a2aaf"
      }
    }
  }
}
